hash: 9e332cd91d7608858b6c285fbe58189d98897a5d4b9a8d872f088ee71ef9b464
updated: 2017-05-11T06:13:38.398227483Z
imports:
- name: github.com/aokoli/goutils
  version: e57d01ace047c1a43e6a49ecf3ecc50ed2be81d1
- name: github.com/go-yaml/yaml
  version: cd8b52f8269e0feb286dfeef29f8fe4d5b397e0b
- name: github.com/imdario/mergo
  version: 3e95a51e0639b4cf372f2ccf74c86749d747fbdc
- name: github.com/Masterminds/semver
  version: 59c29afe1a994eacb71c833025ca7acf874bb1da
- name: github.com/Masterminds/sprig
  version: a48f46e0125cf60347eda24fccf1b09f1a0d681f
- name: github.com/satori/go.uuid
  version: 879c5887cd475cd7864858769793b2ceb0d44feb
- name: github.com/subchen/goutils
  version: 29fb9e0b830cfb2dbad096aa8116c3d77e72f534
  subpackages:
  - cli
  - convert
- name: golang.org/x/crypto
  version: 122d919ec1efcfb58483215da23f815853e24b81
  subpackages:
  - pbkdf2
  - scrypt
testImports: []
